
Microsoft Visual Studio Solution File, Format Version 12.00
# Visual Studio 15
VisualStudioVersion = 15.0.26124.0
MinimumVisualStudioVersion = 15.0.26124.0
Project("{2150E333-8FDC-42A3-9474-1A3956D46DE8}") = "src", "src", "{1EED73E0-F295-4063-A1FA-E3F08B5154D4}"
EndProject
Project("{FAE04EC0-301F-11D3-BF4B-00C04F79EFBC}") = "TodoApi.WebApi", "src\TodoApi.WebApi\TodoApi.WebApi.csproj", "{B5145336-9835-46BC-9374-BB902A3AC9C8}"
EndProject
Project("{FAE04EC0-301F-11D3-BF4B-00C04F79EFBC}") = "TodoApi.Abstractions", "src\TodoApi.Abstractions\TodoApi.Abstractions.csproj", "{54C012C4-E8D2-46DE-BFA9-A125EA58F4D9}"
EndProject
Project("{FAE04EC0-301F-11D3-BF4B-00C04F79EFBC}") = "TodoApi.BusinessLogic", "src\TodoApi.BusinessLogic\TodoApi.BusinessLogic.csproj", "{DF68DA2B-BC77-45FD-9618-F76A5B6993F1}"
EndProject
Project("{FAE04EC0-301F-11D3-BF4B-00C04F79EFBC}") = "TodoApi.DataAccess", "src\TodoApi.DataAccess\TodoApi.DataAccess.csproj", "{60B55ED9-E0A6-4425-AD64-B7DC88C04BBD}"
EndProject
Project("{FAE04EC0-301F-11D3-BF4B-00C04F79EFBC}") = "TodoApi.Domain", "src\TodoApi.Domain\TodoApi.Domain.csproj", "{088E7E5A-6F08-437D-A1D9-1A942AE9E49D}"
EndProject
Project("{FAE04EC0-301F-11D3-BF4B-00C04F79EFBC}") = "TodoApi.Implementations", "src\TodoApi.Implementations\TodoApi.Implementations.csproj", "{3315A63C-A832-49AB-9FF0-B5DB5B3FB6A0}"
EndProject
Project("{2150E333-8FDC-42A3-9474-1A3956D46DE8}") = "Data", "Data", "{C9D16260-C5C3-4343-9F25-88525EA6BB7A}"
EndProject
Project("{2150E333-8FDC-42A3-9474-1A3956D46DE8}") = "Infrastructure", "Infrastructure", "{0129B805-4CDA-447E-BFAC-4E20966AAFED}"
EndProject
Project("{2150E333-8FDC-42A3-9474-1A3956D46DE8}") = "Web", "Web", "{45638757-B69F-4780-B86F-112DDFC59C1F}"
EndProject
Global
	GlobalSection(SolutionConfigurationPlatforms) = preSolution
		Debug|Any CPU = Debug|Any CPU
		Debug|x64 = Debug|x64
		Debug|x86 = Debug|x86
		Release|Any CPU = Release|Any CPU
		Release|x64 = Release|x64
		Release|x86 = Release|x86
	EndGlobalSection
	GlobalSection(SolutionProperties) = preSolution
		HideSolutionNode = FALSE
	EndGlobalSection
	GlobalSection(ProjectConfigurationPlatforms) = postSolution
		{B5145336-9835-46BC-9374-BB902A3AC9C8}.Debug|Any CPU.ActiveCfg = Debug|Any CPU
		{B5145336-9835-46BC-9374-BB902A3AC9C8}.Debug|Any CPU.Build.0 = Debug|Any CPU
		{B5145336-9835-46BC-9374-BB902A3AC9C8}.Debug|x64.ActiveCfg = Debug|Any CPU
		{B5145336-9835-46BC-9374-BB902A3AC9C8}.Debug|x64.Build.0 = Debug|Any CPU
		{B5145336-9835-46BC-9374-BB902A3AC9C8}.Debug|x86.ActiveCfg = Debug|Any CPU
		{B5145336-9835-46BC-9374-BB902A3AC9C8}.Debug|x86.Build.0 = Debug|Any CPU
		{B5145336-9835-46BC-9374-BB902A3AC9C8}.Release|Any CPU.ActiveCfg = Release|Any CPU
		{B5145336-9835-46BC-9374-BB902A3AC9C8}.Release|Any CPU.Build.0 = Release|Any CPU
		{B5145336-9835-46BC-9374-BB902A3AC9C8}.Release|x64.ActiveCfg = Release|Any CPU
		{B5145336-9835-46BC-9374-BB902A3AC9C8}.Release|x64.Build.0 = Release|Any CPU
		{B5145336-9835-46BC-9374-BB902A3AC9C8}.Release|x86.ActiveCfg = Release|Any CPU
		{B5145336-9835-46BC-9374-BB902A3AC9C8}.Release|x86.Build.0 = Release|Any CPU
		{54C012C4-E8D2-46DE-BFA9-A125EA58F4D9}.Debug|Any CPU.ActiveCfg = Debug|Any CPU
		{54C012C4-E8D2-46DE-BFA9-A125EA58F4D9}.Debug|Any CPU.Build.0 = Debug|Any CPU
		{54C012C4-E8D2-46DE-BFA9-A125EA58F4D9}.Debug|x64.ActiveCfg = Debug|Any CPU
		{54C012C4-E8D2-46DE-BFA9-A125EA58F4D9}.Debug|x64.Build.0 = Debug|Any CPU
		{54C012C4-E8D2-46DE-BFA9-A125EA58F4D9}.Debug|x86.ActiveCfg = Debug|Any CPU
		{54C012C4-E8D2-46DE-BFA9-A125EA58F4D9}.Debug|x86.Build.0 = Debug|Any CPU
		{54C012C4-E8D2-46DE-BFA9-A125EA58F4D9}.Release|Any CPU.ActiveCfg = Release|Any CPU
		{54C012C4-E8D2-46DE-BFA9-A125EA58F4D9}.Release|Any CPU.Build.0 = Release|Any CPU
		{54C012C4-E8D2-46DE-BFA9-A125EA58F4D9}.Release|x64.ActiveCfg = Release|Any CPU
		{54C012C4-E8D2-46DE-BFA9-A125EA58F4D9}.Release|x64.Build.0 = Release|Any CPU
		{54C012C4-E8D2-46DE-BFA9-A125EA58F4D9}.Release|x86.ActiveCfg = Release|Any CPU
		{54C012C4-E8D2-46DE-BFA9-A125EA58F4D9}.Release|x86.Build.0 = Release|Any CPU
		{DF68DA2B-BC77-45FD-9618-F76A5B6993F1}.Debug|Any CPU.ActiveCfg = Debug|Any CPU
		{DF68DA2B-BC77-45FD-9618-F76A5B6993F1}.Debug|Any CPU.Build.0 = Debug|Any CPU
		{DF68DA2B-BC77-45FD-9618-F76A5B6993F1}.Debug|x64.ActiveCfg = Debug|Any CPU
		{DF68DA2B-BC77-45FD-9618-F76A5B6993F1}.Debug|x64.Build.0 = Debug|Any CPU
		{DF68DA2B-BC77-45FD-9618-F76A5B6993F1}.Debug|x86.ActiveCfg = Debug|Any CPU
		{DF68DA2B-BC77-45FD-9618-F76A5B6993F1}.Debug|x86.Build.0 = Debug|Any CPU
		{DF68DA2B-BC77-45FD-9618-F76A5B6993F1}.Release|Any CPU.ActiveCfg = Release|Any CPU
		{DF68DA2B-BC77-45FD-9618-F76A5B6993F1}.Release|Any CPU.Build.0 = Release|Any CPU
		{DF68DA2B-BC77-45FD-9618-F76A5B6993F1}.Release|x64.ActiveCfg = Release|Any CPU
		{DF68DA2B-BC77-45FD-9618-F76A5B6993F1}.Release|x64.Build.0 = Release|Any CPU
		{DF68DA2B-BC77-45FD-9618-F76A5B6993F1}.Release|x86.ActiveCfg = Release|Any CPU
		{DF68DA2B-BC77-45FD-9618-F76A5B6993F1}.Release|x86.Build.0 = Release|Any CPU
		{60B55ED9-E0A6-4425-AD64-B7DC88C04BBD}.Debug|Any CPU.ActiveCfg = Debug|Any CPU
		{60B55ED9-E0A6-4425-AD64-B7DC88C04BBD}.Debug|Any CPU.Build.0 = Debug|Any CPU
		{60B55ED9-E0A6-4425-AD64-B7DC88C04BBD}.Debug|x64.ActiveCfg = Debug|Any CPU
		{60B55ED9-E0A6-4425-AD64-B7DC88C04BBD}.Debug|x64.Build.0 = Debug|Any CPU
		{60B55ED9-E0A6-4425-AD64-B7DC88C04BBD}.Debug|x86.ActiveCfg = Debug|Any CPU
		{60B55ED9-E0A6-4425-AD64-B7DC88C04BBD}.Debug|x86.Build.0 = Debug|Any CPU
		{60B55ED9-E0A6-4425-AD64-B7DC88C04BBD}.Release|Any CPU.ActiveCfg = Release|Any CPU
		{60B55ED9-E0A6-4425-AD64-B7DC88C04BBD}.Release|Any CPU.Build.0 = Release|Any CPU
		{60B55ED9-E0A6-4425-AD64-B7DC88C04BBD}.Release|x64.ActiveCfg = Release|Any CPU
		{60B55ED9-E0A6-4425-AD64-B7DC88C04BBD}.Release|x64.Build.0 = Release|Any CPU
		{60B55ED9-E0A6-4425-AD64-B7DC88C04BBD}.Release|x86.ActiveCfg = Release|Any CPU
		{60B55ED9-E0A6-4425-AD64-B7DC88C04BBD}.Release|x86.Build.0 = Release|Any CPU
		{088E7E5A-6F08-437D-A1D9-1A942AE9E49D}.Debug|Any CPU.ActiveCfg = Debug|Any CPU
		{088E7E5A-6F08-437D-A1D9-1A942AE9E49D}.Debug|Any CPU.Build.0 = Debug|Any CPU
		{088E7E5A-6F08-437D-A1D9-1A942AE9E49D}.Debug|x64.ActiveCfg = Debug|Any CPU
		{088E7E5A-6F08-437D-A1D9-1A942AE9E49D}.Debug|x64.Build.0 = Debug|Any CPU
		{088E7E5A-6F08-437D-A1D9-1A942AE9E49D}.Debug|x86.ActiveCfg = Debug|Any CPU
		{088E7E5A-6F08-437D-A1D9-1A942AE9E49D}.Debug|x86.Build.0 = Debug|Any CPU
		{088E7E5A-6F08-437D-A1D9-1A942AE9E49D}.Release|Any CPU.ActiveCfg = Release|Any CPU
		{088E7E5A-6F08-437D-A1D9-1A942AE9E49D}.Release|Any CPU.Build.0 = Release|Any CPU
		{088E7E5A-6F08-437D-A1D9-1A942AE9E49D}.Release|x64.ActiveCfg = Release|Any CPU
		{088E7E5A-6F08-437D-A1D9-1A942AE9E49D}.Release|x64.Build.0 = Release|Any CPU
		{088E7E5A-6F08-437D-A1D9-1A942AE9E49D}.Release|x86.ActiveCfg = Release|Any CPU
		{088E7E5A-6F08-437D-A1D9-1A942AE9E49D}.Release|x86.Build.0 = Release|Any CPU
		{3315A63C-A832-49AB-9FF0-B5DB5B3FB6A0}.Debug|Any CPU.ActiveCfg = Debug|Any CPU
		{3315A63C-A832-49AB-9FF0-B5DB5B3FB6A0}.Debug|Any CPU.Build.0 = Debug|Any CPU
		{3315A63C-A832-49AB-9FF0-B5DB5B3FB6A0}.Debug|x64.ActiveCfg = Debug|Any CPU
		{3315A63C-A832-49AB-9FF0-B5DB5B3FB6A0}.Debug|x64.Build.0 = Debug|Any CPU
		{3315A63C-A832-49AB-9FF0-B5DB5B3FB6A0}.Debug|x86.ActiveCfg = Debug|Any CPU
		{3315A63C-A832-49AB-9FF0-B5DB5B3FB6A0}.Debug|x86.Build.0 = Debug|Any CPU
		{3315A63C-A832-49AB-9FF0-B5DB5B3FB6A0}.Release|Any CPU.ActiveCfg = Release|Any CPU
		{3315A63C-A832-49AB-9FF0-B5DB5B3FB6A0}.Release|Any CPU.Build.0 = Release|Any CPU
		{3315A63C-A832-49AB-9FF0-B5DB5B3FB6A0}.Release|x64.ActiveCfg = Release|Any CPU
		{3315A63C-A832-49AB-9FF0-B5DB5B3FB6A0}.Release|x64.Build.0 = Release|Any CPU
		{3315A63C-A832-49AB-9FF0-B5DB5B3FB6A0}.Release|x86.ActiveCfg = Release|Any CPU
		{3315A63C-A832-49AB-9FF0-B5DB5B3FB6A0}.Release|x86.Build.0 = Release|Any CPU
	EndGlobalSection
	GlobalSection(NestedProjects) = preSolution
		{C9D16260-C5C3-4343-9F25-88525EA6BB7A} = {1EED73E0-F295-4063-A1FA-E3F08B5154D4}
		{088E7E5A-6F08-437D-A1D9-1A942AE9E49D} = {C9D16260-C5C3-4343-9F25-88525EA6BB7A}
		{60B55ED9-E0A6-4425-AD64-B7DC88C04BBD} = {C9D16260-C5C3-4343-9F25-88525EA6BB7A}
		{0129B805-4CDA-447E-BFAC-4E20966AAFED} = {1EED73E0-F295-4063-A1FA-E3F08B5154D4}
		{54C012C4-E8D2-46DE-BFA9-A125EA58F4D9} = {0129B805-4CDA-447E-BFAC-4E20966AAFED}
		{DF68DA2B-BC77-45FD-9618-F76A5B6993F1} = {0129B805-4CDA-447E-BFAC-4E20966AAFED}
		{3315A63C-A832-49AB-9FF0-B5DB5B3FB6A0} = {0129B805-4CDA-447E-BFAC-4E20966AAFED}
		{45638757-B69F-4780-B86F-112DDFC59C1F} = {1EED73E0-F295-4063-A1FA-E3F08B5154D4}
		{B5145336-9835-46BC-9374-BB902A3AC9C8} = {45638757-B69F-4780-B86F-112DDFC59C1F}
	EndGlobalSection
EndGlobal
